// !$*UTF8*$!
{
	archiveVersion = 1;
	classes = {
	};
	objectVersion = 50;
	objects = {

/* Begin PBXBuildFile section */
		52D6B4BD268BF95A000FA4F0 /* AppDelegate.swift in Sources */ = {isa = PBXBuildFile; fileRef = 52D6B4BC268BF95A000FA4F0 /* AppDelegate.swift */; };
		52D6B4BF268BF95A000FA4F0 /* SceneDelegate.swift in Sources */ = {isa = PBXBuildFile; fileRef = 52D6B4BE268BF95A000FA4F0 /* SceneDelegate.swift */; };
		52D6B4C1268BF95A000FA4F0 /* ViewController.swift in Sources */ = {isa = PBXBuildFile; fileRef = 52D6B4C0268BF95A000FA4F0 /* ViewController.swift */; };
		52D6B4C4268BF95A000FA4F0 /* Main.storyboard in Resources */ = {isa = PBXBuildFile; fileRef = 52D6B4C2268BF95A000FA4F0 /* Main.storyboard */; };
		52D6B4C7268BF95A000FA4F0 /* SoundBoard.xcdatamodeld in Sources */ = {isa = PBXBuildFile; fileRef = 52D6B4C5268BF95A000FA4F0 /* SoundBoard.xcdatamodeld */; };
		52D6B4C9268BF976000FA4F0 /* Assets.xcassets in Resources */ = {isa = PBXBuildFile; fileRef = 52D6B4C8268BF976000FA4F0 /* Assets.xcassets */; };
		52D6B4CC268BF976000FA4F0 /* LaunchScreen.storyboard in Resources */ = {isa = PBXBuildFile; fileRef = 52D6B4CA268BF976000FA4F0 /* LaunchScreen.storyboard */; };
		52D6B4D4268BFEB5000FA4F0 /* imgs in Resources */ = {isa = PBXBuildFile; fileRef = 52D6B4D3268BFEB4000FA4F0 /* imgs */; };
		52D6B4D6268C04A4000FA4F0 /* SoundViewController.swift in Sources */ = {isa = PBXBuildFile; fileRef = 52D6B4D5268C04A4000FA4F0 /* SoundViewController.swift */; };
/* End PBXBuildFile section */

/* Begin PBXFileReference section */
		52D6B4B9268BF95A000FA4F0 /* SoundBoard.app */ = {isa = PBXFileReference; explicitFileType = wrapper.application; includeInIndex = 0; path = SoundBoard.app; sourceTree = BUILT_PRODUCTS_DIR; };
		52D6B4BC268BF95A000FA4F0 /* AppDelegate.swift */ = {isa = PBXFileReference; lastKnownFileType = sourcecode.swift; path = AppDelegate.swift; sourceTree = "<group>"; };
		52D6B4BE268BF95A000FA4F0 /* SceneDelegate.swift */ = {isa = PBXFileReference; lastKnownFileType = sourcecode.swift; path = SceneDelegate.swift; sourceTree = "<group>"; };
		52D6B4C0268BF95A000FA4F0 /* ViewController.swift */ = {isa = PBXFileReference; lastKnownFileType = sourcecode.swift; path = ViewController.swift; sourceTree = "<group>"; };
		52D6B4C3268BF95A000FA4F0 /* Base */ = {isa = PBXFileReference; lastKnownFileType = file.storyboard; name = Base; path = Base.lproj/Main.storyboard; sourceTree = "<group>"; };
		52D6B4C6268BF95A000FA4F0 /* SoundBoard.xcdatamodel */ = {isa = PBXFileReference; lastKnownFileType = wrapper.xcdatamodel; path = SoundBoard.xcdatamodel; sourceTree = "<group>"; };
		52D6B4C8268BF976000FA4F0 /* Assets.xcassets */ = {isa = PBXFileReference; lastKnownFileType = folder.assetcatalog; path = Assets.xcassets; sourceTree = "<group>"; };
		52D6B4CB268BF976000FA4F0 /* Base */ = {isa = PBXFileReference; lastKnownFileType = file.storyboard; name = Base; path = Base.lproj/LaunchScreen.storyboard; sourceTree = "<group>"; };
		52D6B4CD268BF976000FA4F0 /* Info.plist */ = {isa = PBXFileReference; lastKnownFileType = text.plist.xml; path = Info.plist; sourceTree = "<group>"; };
		52D6B4D3268BFEB4000FA4F0 /* imgs */ = {isa = PBXFileReference; lastKnownFileType = folder; path = imgs; sourceTree = "<group>"; };
		52D6B4D5268C04A4000FA4F0 /* SoundViewController.swift */ = {isa = PBXFileReference; lastKnownFileType = sourcecode.swift; path = SoundViewController.swift; sourceTree = "<group>"; };
/* End PBXFileReference section */

/* Begin PBXFrameworksBuildPhase section */
		52D6B4B6268BF95A000FA4F0 /* Frameworks */ = {
			isa = PBXFrameworksBuildPhase;
			buildActionMask = 2147483647;
			files = (
			);
			runOnlyForDeploymentPostprocessing = 0;
		};
/* End PBXFrameworksBuildPhase section */

/* Begin PBXGroup section */
		52D6B4B0268BF959000FA4F0 = {
			isa = PBXGroup;
			children = (
				52D6B4BB268BF95A000FA4F0 /* SoundBoard */,
				52D6B4BA268BF95A000FA4F0 /* Products */,
			);
			sourceTree = "<group>";
		};
		52D6B4BA268BF95A000FA4F0 /* Products */ = {
			isa = PBXGroup;
			children = (
				52D6B4B9268BF95A000FA4F0 /* SoundBoard.app */,
			);
			name = Products;
			sourceTree = "<group>";
		};
		52D6B4BB268BF95A000FA4F0 /* SoundBoard */ = {
			isa = PBXGroup;
			children = (
				52D6B4D3268BFEB4000FA4F0 /* imgs */,
				52D6B4BC268BF95A000FA4F0 /* AppDelegate.swift */,
				52D6B4BE268BF95A000FA4F0 /* SceneDelegate.swift */,
				52D6B4C0268BF95A000FA4F0 /* ViewController.swift */,
				52D6B4C2268BF95A000FA4F0 /* Main.storyboard */,
				52D6B4C8268BF976000FA4F0 /* Assets.xcassets */,
				52D6B4CA268BF976000FA4F0 /* LaunchScreen.storyboard */,
				52D6B4CD268BF976000FA4F0 /* Info.plist */,
				52D6B4C5268BF95A000FA4F0 /* SoundBoard.xcdatamodeld */,
				52D6B4D5268C04A4000FA4F0 /* SoundViewController.swift */,
			);
			path = SoundBoard;
			sourceTree = "<group>";
		};
/* End PBXGroup section */

/* Begin PBXNativeTarget section */
		52D6B4B8268BF95A000FA4F0 /* SoundBoard */ = {
			isa = PBXNativeTarget;
			buildConfigurationList = 52D6B4D0268BF976000FA4F0 /* Build configuration list for PBXNativeTarget "SoundBoard" */;
			buildPhases = (
				52D6B4B5268BF95A000FA4F0 /* Sources */,
				52D6B4B6268BF95A000FA4F0 /* Frameworks */,
				52D6B4B7268BF95A000FA4F0 /* Resources */,
			);
			buildRules = (
			);
			dependencies = (
			);
			name = SoundBoard;
			productName = SoundBoard;
			productReference = 52D6B4B9268BF95A000FA4F0 /* SoundBoard.app */;
			productType = "com.apple.product-type.application";
		};
/* End PBXNativeTarget section */

/* Begin PBXProject section */
		52D6B4B1268BF959000FA4F0 /* Project object */ = {
			isa = PBXProject;
			attributes = {
				LastSwiftUpdateCheck = 1250;
				LastUpgradeCheck = 1250;
				TargetAttributes = {
					52D6B4B8268BF95A000FA4F0 = {
						CreatedOnToolsVersion = 12.5;
					};
				};
			};
			buildConfigurationList = 52D6B4B4268BF959000FA4F0 /* Build configuration list for PBXProject "SoundBoard" */;
			compatibilityVersion = "Xcode 9.3";
			developmentRegion = en;
			hasScannedForEncodings = 0;
			knownRegions = (
				en,
				Base,
			);
			mainGroup = 52D6B4B0268BF959000FA4F0;
			productRefGroup = 52D6B4BA268BF95A000FA4F0 /* Products */;
			projectDirPath = "";
			projectRoot = "";
			targets = (
				52D6B4B8268BF95A000FA4F0 /* SoundBoard */,
			);
		};
/* End PBXProject section */

/* Begin PBXResourcesBuildPhase section */
		52D6B4B7268BF95A000FA4F0 /* Resources */ = {
			isa = PBXResourcesBuildPhase;
			buildActionMask = 2147483647;
			files = (
				52D6B4D4268BFEB5000FA4F0 /* imgs in Resources */,
				52D6B4CC268BF976000FA4F0 /* LaunchScreen.storyboard in Resources */,
				52D6B4C9268BF976000FA4F0 /* Assets.xcassets in Resources */,
				52D6B4C4268BF95A000FA4F0 /* Main.storyboard in Resources */,
			);
			runOnlyForDeploymentPostprocessing = 0;
		};
/* End PBXResourcesBuildPhase section */

/* Begin PBXSourcesBuildPhase section */
		52D6B4B5268BF95A000FA4F0 /* Sources */ = {
			isa = PBXSourcesBuildPhase;
			buildActionMask = 2147483647;
			files = (
				52D6B4C7268BF95A000FA4F0 /* SoundBoard.xcdatamodeld in Sources */,
				52D6B4C1268BF95A000FA4F0 /* ViewController.swift in Sources */,
				52D6B4BD268BF95A000FA4F0 /* AppDelegate.swift in Sources */,
				52D6B4BF268BF95A000FA4F0 /* SceneDelegate.swift in Sources */,
				52D6B4D6268C04A4000FA4F0 /* SoundViewController.swift in Sources */,
			);
			runOnlyForDeploymentPostprocessing = 0;
		};
/* End PBXSourcesBuildPhase section */

/* Begin PBXVariantGroup section */
		52D6B4C2268BF95A000FA4F0 /* Main.storyboard */ = {
			isa = PBXVariantGroup;
			children = (
				52D6B4C3268BF95A000FA4F0 /* Base */,
			);
			name = Main.storyboard;
			sourceTree = "<group>";
		};
		52D6B4CA268BF976000FA4F0 /* LaunchScreen.storyboard */ = {
			isa = PBXVariantGroup;
			children = (
				52D6B4CB268BF976000FA4F0 /* Base */,
			);
			name = LaunchScreen.storyboard;
			sourceTree = "<group>";
		};
/* End PBXVariantGroup section */

/* Begin XCBuildConfiguration section */
		52D6B4CE268BF976000FA4F0 /* Debug */ = {
			isa = XCBuildConfiguration;
			buildSettings = {
				ALWAYS_SEARCH_USER_PATHS = NO;
				CLANG_ANALYZER_NONNULL = YES;
				CLANG_ANALYZER_NUMBER_OBJECT_CONVERSION = YES_AGGRESSIVE;
				CLANG_CXX_LANGUAGE_STANDARD = "gnu++14";
				CLANG_CXX_LIBRARY = "libc++";
				CLANG_ENABLE_MODULES = YES;
				CLANG_ENABLE_OBJC_ARC = YES;
				CLANG_ENABLE_OBJC_WEAK = YES;
				CLANG_WARN_BLOCK_CAPTURE_AUTORELEASING = YES;
				CLANG_WARN_BOOL_CONVERSION = YES;
				CLANG_WARN_COMMA = YES;
				CLANG_WARN_CONSTANT_CONVERSION = YES;
				CLANG_WARN_DEPRECATED_OBJC_IMPLEMENTATIONS = YES;
				CLANG_WARN_DIRECT_OBJC_ISA_USAGE = YES_ERROR;
				CLANG_WARN_DOCUMENTATION_COMMENTS = YES;
				CLANG_WARN_EMPTY_BODY = YES;
				CLANG_WARN_ENUM_CONVERSION = YES;
				CLANG_WARN_INFINITE_RECURSION = YES;
				CLANG_WARN_INT_CONVERSION = YES;
				CLANG_WARN_NON_LITERAL_NULL_CONVERSION = YES;
				CLANG_WARN_OBJC_IMPLICIT_RETAIN_SELF = YES;
				CLANG_WARN_OBJC_LITERAL_CONVERSION = YES;
				CLANG_WARN_OBJC_ROOT_CLASS = YES_ERROR;
				CLANG_WARN_QUOTED_INCLUDE_IN_FRAMEWORK_HEADER = YES;
				CLANG_WARN_RANGE_LOOP_ANALYSIS = YES;
				CLANG_WARN_STRICT_PROTOTYPES = YES;
				CLANG_WARN_SUSPICIOUS_MOVE = YES;
				CLANG_WARN_UNGUARDED_AVAILABILITY = YES_AGGRESSIVE;
				CLANG_WARN_UNREACHABLE_CODE = YES;
				CLANG_WARN__DUPLICATE_METHOD_MATCH = YES;
				COPY_PHASE_STRIP = NO;
				DEBUG_INFORMATION_FORMAT = dwarf;
				ENABLE_STRICT_OBJC_MSGSEND = YES;
				ENABLE_TESTABILITY = YES;
				GCC_C_LANGUAGE_STANDARD = gnu11;
				GCC_DYNAMIC_NO_PIC = NO;
				GCC_NO_COMMON_BLOCKS = YES;
				GCC_OPTIMIZATION_LEVEL = 0;
				GCC_PREPROCESSOR_DEFINITIONS = (
					"DEBUG=1",
					"$(inherited)",
				);
				GCC_WARN_64_TO_32_BIT_CONVERSION = YES;
				GCC_WARN_ABOUT_RETURN_TYPE = YES_ERROR;
				GCC_WARN_UNDECLARED_SELECTOR = YES;
				GCC_WARN_UNINITIALIZED_AUTOS = YES_AGGRESSIVE;
				GCC_WARN_UNUSED_FUNCTION = YES;
				GCC_WARN_UNUSED_VARIABLE = YES;
				IPHONEOS_DEPLOYMENT_TARGET = 14.5;
				MTL_ENABLE_DEBUG_INFO = INCLUDE_SOURCE;
				MTL_FAST_MATH = YES;
				ONLY_ACTIVE_ARCH = YES;
				SDKROOT = iphoneos;
				SWIFT_ACTIVE_COMPILATION_CONDITIONS = DEBUG;
				SWIFT_OPTIMIZATION_LEVEL = "-Onone";
			};
			name = Debug;
		};
		52D6B4CF268BF976000FA4F0 /* Release */ = {
			isa = XCBuildConfiguration;
			buildSettings = {
				ALWAYS_SEARCH_USER_PATHS = NO;
				CLANG_ANALYZER_NONNULL = YES;
				CLANG_ANALYZER_NUMBER_OBJECT_CONVERSION = YES_AGGRESSIVE;
				CLANG_CXX_LANGUAGE_STANDARD = "gnu++14";
				CLANG_CXX_LIBRARY = "libc++";
				CLANG_ENABLE_MODULES = YES;
				CLANG_ENABLE_OBJC_ARC = YES;
				CLANG_ENABLE_OBJC_WEAK = YES;
				CLANG_WARN_BLOCK_CAPTURE_AUTORELEASING = YES;
				CLANG_WARN_BOOL_CONVERSION = YES;
				CLANG_WARN_COMMA = YES;
				CLANG_WARN_CONSTANT_CONVERSION = YES;
				CLANG_WARN_DEPRECATED_OBJC_IMPLEMENTATIONS = YES;
				CLANG_WARN_DIRECT_OBJC_ISA_USAGE = YES_ERROR;
				CLANG_WARN_DOCUMENTATION_COMMENTS = YES;
				CLANG_WARN_EMPTY_BODY = YES;
				CLANG_WARN_ENUM_CONVERSION = YES;
				CLANG_WARN_INFINITE_RECURSION = YES;
				CLANG_WARN_INT_CONVERSION = YES;
				CLANG_WARN_NON_LITERAL_NULL_CONVERSION = YES;
				CLANG_WARN_OBJC_IMPLICIT_RETAIN_SELF = YES;
				CLANG_WARN_OBJC_LITERAL_CONVERSION = YES;
				CLANG_WARN_OBJC_ROOT_CLASS = YES_ERROR;
				CLANG_WARN_QUOTED_INCLUDE_IN_FRAMEWORK_HEADER = YES;
				CLANG_WARN_RANGE_LOOP_ANALYSIS = YES;
				CLANG_WARN_STRICT_PROTOTYPES = YES;
				CLANG_WARN_SUSPICIOUS_MOVE = YES;
				CLANG_WARN_UNGUARDED_AVAILABILITY = YES_AGGRESSIVE;
				CLANG_WARN_UNREACHABLE_CODE = YES;
				CLANG_WARN__DUPLICATE_METHOD_MATCH = YES;
				COPY_PHASE_STRIP = NO;
				DEBUG_INFORMATION_FORMAT = "dwarf-with-dsym";
				ENABLE_NS_ASSERTIONS = NO;
				ENABLE_STRICT_OBJC_MSGSEND = YES;
				GCC_C_LANGUAGE_STANDARD = gnu11;
				GCC_NO_COMMON_BLOCKS = YES;
				GCC_WARN_64_TO_32_BIT_CONVERSION = YES;
				GCC_WARN_ABOUT_RETURN_TYPE = YES_ERROR;
				GCC_WARN_UNDECLARED_SELECTOR = YES;
				GCC_WARN_UNINITIALIZED_AUTOS = YES_AGGRESSIVE;
				GCC_WARN_UNUSED_FUNCTION = YES;
				GCC_WARN_UNUSED_VARIABLE = YES;
				IPHONEOS_DEPLOYMENT_TARGET = 14.5;
				MTL_ENABLE_DEBUG_INFO = NO;
				MTL_FAST_MATH = YES;
				SDKROOT = iphoneos;
				SWIFT_COMPILATION_MODE = wholemodule;
				SWIFT_OPTIMIZATION_LEVEL = "-O";
				VALIDATE_PRODUCT = YES;
			};
			name = Release;
		};
		52D6B4D1268BF976000FA4F0 /* Debug */ = {
			isa = XCBuildConfiguration;
			buildSettings = {
				ASSETCATALOG_COMPILER_APPICON_NAME = AppIcon;
				ASSETCATALOG_COMPILER_GLOBAL_ACCENT_COLOR_NAME = AccentColor;
				CODE_SIGN_STYLE = Automatic;
				INFOPLIST_FILE = SoundBoard/Info.plist;
				LD_RUNPATH_SEARCH_PATHS = (
					"$(inherited)",
					"@executable_path/Frameworks",
				);
				PRODUCT_BUNDLE_IDENTIFIER = reyarmando.jimenez.SoundBoard;
				PRODUCT_NAME = "$(TARGET_NAME)";
				SWIFT_VERSION = 5.0;
				TARGETED_DEVICE_FAMILY = "1,2";
			};
			name = Debug;
		};
		52D6B4D2268BF976000FA4F0 /* Release */ = {
			isa = XCBuildConfiguration;
			buildSettings = {
				ASSETCATALOG_COMPILER_APPICON_NAME = AppIcon;
				ASSETCATALOG_COMPILER_GLOBAL_ACCENT_COLOR_NAME = AccentColor;
				CODE_SIGN_STYLE = Automatic;
				INFOPLIST_FILE = SoundBoard/Info.plist;
				LD_RUNPATH_SEARCH_PATHS = (
					"$(inherited)",
					"@executable_path/Frameworks",
				);
				PRODUCT_BUNDLE_IDENTIFIER = reyarmando.jimenez.SoundBoard;
				PRODUCT_NAME = "$(TARGET_NAME)";
				SWIFT_VERSION = 5.0;
				TARGETED_DEVICE_FAMILY = "1,2";
			};
			name = Release;
		};
/* End XCBuildConfiguration section */

/* Begin XCConfigurationList section */
		52D6B4B4268BF959000FA4F0 /* Build configuration list for PBXProject "SoundBoard" */ = {
			isa = XCConfigurationList;
			buildConfigurations = (
				52D6B4CE268BF976000FA4F0 /* Debug */,
				52D6B4CF268BF976000FA4F0 /* Release */,
			);
			defaultConfigurationIsVisible = 0;
			defaultConfigurationName = Release;
		};
		52D6B4D0268BF976000FA4F0 /* Build configuration list for PBXNativeTarget "SoundBoard" */ = {
			isa = XCConfigurationList;
			buildConfigurations = (
				52D6B4D1268BF976000FA4F0 /* Debug */,
				52D6B4D2268BF976000FA4F0 /* Release */,
			);
			defaultConfigurationIsVisible = 0;
			defaultConfigurationName = Release;
		};
/* End XCConfigurationList section */

/* Begin XCVersionGroup section */
		52D6B4C5268BF95A000FA4F0 /* SoundBoard.xcdatamodeld */ = {
			isa = XCVersionGroup;
			children = (
				52D6B4C6268BF95A000FA4F0 /* SoundBoard.xcdatamodel */,
			);
			currentVersion = 52D6B4C6268BF95A000FA4F0 /* SoundBoard.xcdatamodel */;
			path = SoundBoard.xcdatamodeld;
			sourceTree = "<group>";
			versionGroupType = wrapper.xcdatamodel;
		};
/* End XCVersionGroup section */
	};
	rootObject = 52D6B4B1268BF959000FA4F0 /* Project object */;
}
